
Microsoft Visual Studio Solution File, Format Version 12.00
# Visual Studio Version 17
VisualStudioVersion = 17.0.31903.59
MinimumVisualStudioVersion = 10.0.40219.1
Project("{FAE04EC0-301F-11D3-BF4B-00C04F79EFBC}") = "esecai.API", "esecai.API\esecai.API.csproj", "{056CCAA1-CE3D-41D4-A06E-23DD30A87F39}"
EndProject
Project("{FAE04EC0-301F-11D3-BF4B-00C04F79EFBC}") = "esecai.Application", "esecai.Application\esecai.Application.csproj", "{4B9C8B29-FE03-49B2-8A3D-F6836E7E3A32}"
EndProject
Project("{FAE04EC0-301F-11D3-BF4B-00C04F79EFBC}") = "esecai.Domain", "esecai.Domain\esecai.Domain.csproj", "{3D55D507-87D0-4117-9F38-C24222DCA913}"
EndProject
Project("{FAE04EC0-301F-11D3-BF4B-00C04F79EFBC}") = "esecai.Infrastructure", "esecai.Infrastructure\esecai.Infrastructure.csproj", "{3DF6C032-22CB-446D-B76A-983C052C54E4}"
EndProject
Project("{FAE04EC0-301F-11D3-BF4B-00C04F79EFBC}") = "esecai.Tests", "esecai.Tests\esecai.Tests.csproj", "{711F3560-6A76-4052-B7F8-B093D7CE4358}"
EndProject
Global
	GlobalSection(SolutionConfigurationPlatforms) = preSolution
		Debug|Any CPU = Debug|Any CPU
		Release|Any CPU = Release|Any CPU
	EndGlobalSection
	GlobalSection(SolutionProperties) = preSolution
		HideSolutionNode = FALSE
	EndGlobalSection
	GlobalSection(ProjectConfigurationPlatforms) = postSolution
		{056CCAA1-CE3D-41D4-A06E-23DD30A87F39}.Debug|Any CPU.ActiveCfg = Debug|Any CPU
		{056CCAA1-CE3D-41D4-A06E-23DD30A87F39}.Debug|Any CPU.Build.0 = Debug|Any CPU
		{056CCAA1-CE3D-41D4-A06E-23DD30A87F39}.Release|Any CPU.ActiveCfg = Release|Any CPU
		{056CCAA1-CE3D-41D4-A06E-23DD30A87F39}.Release|Any CPU.Build.0 = Release|Any CPU
		{4B9C8B29-FE03-49B2-8A3D-F6836E7E3A32}.Debug|Any CPU.ActiveCfg = Debug|Any CPU
		{4B9C8B29-FE03-49B2-8A3D-F6836E7E3A32}.Debug|Any CPU.Build.0 = Debug|Any CPU
		{4B9C8B29-FE03-49B2-8A3D-F6836E7E3A32}.Release|Any CPU.ActiveCfg = Release|Any CPU
		{4B9C8B29-FE03-49B2-8A3D-F6836E7E3A32}.Release|Any CPU.Build.0 = Release|Any CPU
		{3D55D507-87D0-4117-9F38-C24222DCA913}.Debug|Any CPU.ActiveCfg = Debug|Any CPU
		{3D55D507-87D0-4117-9F38-C24222DCA913}.Debug|Any CPU.Build.0 = Debug|Any CPU
		{3D55D507-87D0-4117-9F38-C24222DCA913}.Release|Any CPU.ActiveCfg = Release|Any CPU
		{3D55D507-87D0-4117-9F38-C24222DCA913}.Release|Any CPU.Build.0 = Release|Any CPU
		{3DF6C032-22CB-446D-B76A-983C052C54E4}.Debug|Any CPU.ActiveCfg = Debug|Any CPU
		{3DF6C032-22CB-446D-B76A-983C052C54E4}.Debug|Any CPU.Build.0 = Debug|Any CPU
		{3DF6C032-22CB-446D-B76A-983C052C54E4}.Release|Any CPU.ActiveCfg = Release|Any CPU
		{3DF6C032-22CB-446D-B76A-983C052C54E4}.Release|Any CPU.Build.0 = Release|Any CPU
		{711F3560-6A76-4052-B7F8-B093D7CE4358}.Debug|Any CPU.ActiveCfg = Debug|Any CPU
		{711F3560-6A76-4052-B7F8-B093D7CE4358}.Debug|Any CPU.Build.0 = Debug|Any CPU
		{711F3560-6A76-4052-B7F8-B093D7CE4358}.Release|Any CPU.ActiveCfg = Release|Any CPU
		{711F3560-6A76-4052-B7F8-B093D7CE4358}.Release|Any CPU.Build.0 = Release|Any CPU
	EndGlobalSection
EndGlobal
